// !$*UTF8*$!
{
	archiveVersion = 1;
	classes = {
	};
	objectVersion = 50;
	objects = {

/* Begin PBXBuildFile section */
		90F3B7D2254A6FE70075371C /* AppDelegate.swift in Sources */ = {isa = PBXBuildFile; fileRef = 90F3B7D1254A6FE70075371C /* AppDelegate.swift */; };
		90F3B7D4254A6FE70075371C /* SceneDelegate.swift in Sources */ = {isa = PBXBuildFile; fileRef = 90F3B7D3254A6FE70075371C /* SceneDelegate.swift */; };
		90F3B7D6254A6FE70075371C /* ContentView.swift in Sources */ = {isa = PBXBuildFile; fileRef = 90F3B7D5254A6FE70075371C /* ContentView.swift */; };
		90F3B7D8254A6FE80075371C /* Assets.xcassets in Resources */ = {isa = PBXBuildFile; fileRef = 90F3B7D7254A6FE80075371C /* Assets.xcassets */; };
		90F3B7DB254A6FE80075371C /* Preview Assets.xcassets in Resources */ = {isa = PBXBuildFile; fileRef = 90F3B7DA254A6FE80075371C /* Preview Assets.xcassets */; };
		90F3B7DE254A6FE80075371C /* LaunchScreen.storyboard in Resources */ = {isa = PBXBuildFile; fileRef = 90F3B7DC254A6FE80075371C /* LaunchScreen.storyboard */; };
/* End PBXBuildFile section */

/* Begin PBXFileReference section */
		90F3B7CE254A6FE70075371C /* VideoCaptureOpener.app */ = {isa = PBXFileReference; explicitFileType = wrapper.application; includeInIndex = 0; path = VideoCaptureOpener.app; sourceTree = BUILT_PRODUCTS_DIR; };
		90F3B7D1254A6FE70075371C /* AppDelegate.swift */ = {isa = PBXFileReference; lastKnownFileType = sourcecode.swift; path = AppDelegate.swift; sourceTree = "<group>"; };
		90F3B7D3254A6FE70075371C /* SceneDelegate.swift */ = {isa = PBXFileReference; lastKnownFileType = sourcecode.swift; path = SceneDelegate.swift; sourceTree = "<group>"; };
		90F3B7D5254A6FE70075371C /* ContentView.swift */ = {isa = PBXFileReference; lastKnownFileType = sourcecode.swift; path = ContentView.swift; sourceTree = "<group>"; };
		90F3B7D7254A6FE80075371C /* Assets.xcassets */ = {isa = PBXFileReference; lastKnownFileType = folder.assetcatalog; path = Assets.xcassets; sourceTree = "<group>"; };
		90F3B7DA254A6FE80075371C /* Preview Assets.xcassets */ = {isa = PBXFileReference; lastKnownFileType = folder.assetcatalog; path = "Preview Assets.xcassets"; sourceTree = "<group>"; };
		90F3B7DD254A6FE80075371C /* Base */ = {isa = PBXFileReference; lastKnownFileType = file.storyboard; name = Base; path = Base.lproj/LaunchScreen.storyboard; sourceTree = "<group>"; };
		90F3B7DF254A6FE80075371C /* Info.plist */ = {isa = PBXFileReference; lastKnownFileType = text.plist.xml; path = Info.plist; sourceTree = "<group>"; };
/* End PBXFileReference section */

/* Begin PBXFrameworksBuildPhase section */
		90F3B7CB254A6FE70075371C /* Frameworks */ = {
			isa = PBXFrameworksBuildPhase;
			buildActionMask = 2147483647;
			files = (
			);
			runOnlyForDeploymentPostprocessing = 0;
		};
/* End PBXFrameworksBuildPhase section */

/* Begin PBXGroup section */
		90F3B7C5254A6FE70075371C = {
			isa = PBXGroup;
			children = (
				90F3B7D0254A6FE70075371C /* VideoCaptureOpener */,
				90F3B7CF254A6FE70075371C /* Products */,
			);
			sourceTree = "<group>";
		};
		90F3B7CF254A6FE70075371C /* Products */ = {
			isa = PBXGroup;
			children = (
				90F3B7CE254A6FE70075371C /* VideoCaptureOpener.app */,
			);
			name = Products;
			sourceTree = "<group>";
		};
		90F3B7D0254A6FE70075371C /* VideoCaptureOpener */ = {
			isa = PBXGroup;
			children = (
				90F3B7D1254A6FE70075371C /* AppDelegate.swift */,
				90F3B7D3254A6FE70075371C /* SceneDelegate.swift */,
				90F3B7D5254A6FE70075371C /* ContentView.swift */,
				90F3B7D7254A6FE80075371C /* Assets.xcassets */,
				90F3B7DC254A6FE80075371C /* LaunchScreen.storyboard */,
				90F3B7DF254A6FE80075371C /* Info.plist */,
				90F3B7D9254A6FE80075371C /* Preview Content */,
			);
			path = VideoCaptureOpener;
			sourceTree = "<group>";
		};
		90F3B7D9254A6FE80075371C /* Preview Content */ = {
			isa = PBXGroup;
			children = (
				90F3B7DA254A6FE80075371C /* Preview Assets.xcassets */,
			);
			path = "Preview Content";
			sourceTree = "<group>";
		};
/* End PBXGroup section */

/* Begin PBXNativeTarget section */
		90F3B7CD254A6FE70075371C /* VideoCaptureOpener */ = {
			isa = PBXNativeTarget;
			buildConfigurationList = 90F3B7E2254A6FE80075371C /* Build configuration list for PBXNativeTarget "VideoCaptureOpener" */;
			buildPhases = (
				90F3B7CA254A6FE70075371C /* Sources */,
				90F3B7CB254A6FE70075371C /* Frameworks */,
				90F3B7CC254A6FE70075371C /* Resources */,
			);
			buildRules = (
			);
			dependencies = (
			);
			name = VideoCaptureOpener;
			productName = VideoCaptureOpener;
			productReference = 90F3B7CE254A6FE70075371C /* VideoCaptureOpener.app */;
			productType = "com.apple.product-type.application";
		};
/* End PBXNativeTarget section */

/* Begin PBXProject section */
		90F3B7C6254A6FE70075371C /* Project object */ = {
			isa = PBXProject;
			attributes = {
				LastSwiftUpdateCheck = 1210;
				LastUpgradeCheck = 1210;
				TargetAttributes = {
					90F3B7CD254A6FE70075371C = {
						CreatedOnToolsVersion = 12.1;
					};
				};
			};
			buildConfigurationList = 90F3B7C9254A6FE70075371C /* Build configuration list for PBXProject "VideoCaptureOpener" */;
			compatibilityVersion = "Xcode 9.3";
			developmentRegion = en;
			hasScannedForEncodings = 0;
			knownRegions = (
				en,
				Base,
			);
			mainGroup = 90F3B7C5254A6FE70075371C;
			productRefGroup = 90F3B7CF254A6FE70075371C /* Products */;
			projectDirPath = "";
			projectRoot = "";
			targets = (
				90F3B7CD254A6FE70075371C /* VideoCaptureOpener */,
			);
		};
/* End PBXProject section */

/* Begin PBXResourcesBuildPhase section */
		90F3B7CC254A6FE70075371C /* Resources */ = {
			isa = PBXResourcesBuildPhase;
			buildActionMask = 2147483647;
			files = (
				90F3B7DE254A6FE80075371C /* LaunchScreen.storyboard in Resources */,
				90F3B7DB254A6FE80075371C /* Preview Assets.xcassets in Resources */,
				90F3B7D8254A6FE80075371C /* Assets.xcassets in Resources */,
			);
			runOnlyForDeploymentPostprocessing = 0;
		};
/* End PBXResourcesBuildPhase section */

/* Begin PBXSourcesBuildPhase section */
		90F3B7CA254A6FE70075371C /* Sources */ = {
			isa = PBXSourcesBuildPhase;
			buildActionMask = 2147483647;
			files = (
				90F3B7D2254A6FE70075371C /* AppDelegate.swift in Sources */,
				90F3B7D4254A6FE70075371C /* SceneDelegate.swift in Sources */,
				90F3B7D6254A6FE70075371C /* ContentView.swift in Sources */,
			);
			runOnlyForDeploymentPostprocessing = 0;
		};
/* End PBXSourcesBuildPhase section */

/* Begin PBXVariantGroup section */
		90F3B7DC254A6FE80075371C /* LaunchScreen.storyboard */ = {
			isa = PBXVariantGroup;
			children = (
				90F3B7DD254A6FE80075371C /* Base */,
			);
			name = LaunchScreen.storyboard;
			sourceTree = "<group>";
		};
/* End PBXVariantGroup section */

/* Begin XCBuildConfiguration section */
		90F3B7E0254A6FE80075371C /* Debug */ = {
			isa = XCBuildConfiguration;
			buildSettings = {
				ALWAYS_SEARCH_USER_PATHS = NO;
				CLANG_ANALYZER_NONNULL = YES;
				CLANG_ANALYZER_NUMBER_OBJECT_CONVERSION = YES_AGGRESSIVE;
				CLANG_CXX_LANGUAGE_STANDARD = "gnu++14";
				CLANG_CXX_LIBRARY = "libc++";
				CLANG_ENABLE_MODULES = YES;
				CLANG_ENABLE_OBJC_ARC = YES;
				CLANG_ENABLE_OBJC_WEAK = YES;
				CLANG_WARN_BLOCK_CAPTURE_AUTORELEASING = YES;
				CLANG_WARN_BOOL_CONVERSION = YES;
				CLANG_WARN_COMMA = YES;
				CLANG_WARN_CONSTANT_CONVERSION = YES;
				CLANG_WARN_DEPRECATED_OBJC_IMPLEMENTATIONS = YES;
				CLANG_WARN_DIRECT_OBJC_ISA_USAGE = YES_ERROR;
				CLANG_WARN_DOCUMENTATION_COMMENTS = YES;
				CLANG_WARN_EMPTY_BODY = YES;
				CLANG_WARN_ENUM_CONVERSION = YES;
				CLANG_WARN_INFINITE_RECURSION = YES;
				CLANG_WARN_INT_CONVERSION = YES;
				CLANG_WARN_NON_LITERAL_NULL_CONVERSION = YES;
				CLANG_WARN_OBJC_IMPLICIT_RETAIN_SELF = YES;
				CLANG_WARN_OBJC_LITERAL_CONVERSION = YES;
				CLANG_WARN_OBJC_ROOT_CLASS = YES_ERROR;
				CLANG_WARN_QUOTED_INCLUDE_IN_FRAMEWORK_HEADER = YES;
				CLANG_WARN_RANGE_LOOP_ANALYSIS = YES;
				CLANG_WARN_STRICT_PROTOTYPES = YES;
				CLANG_WARN_SUSPICIOUS_MOVE = YES;
				CLANG_WARN_UNGUARDED_AVAILABILITY = YES_AGGRESSIVE;
				CLANG_WARN_UNREACHABLE_CODE = YES;
				CLANG_WARN__DUPLICATE_METHOD_MATCH = YES;
				COPY_PHASE_STRIP = NO;
				DEBUG_INFORMATION_FORMAT = dwarf;
				ENABLE_STRICT_OBJC_MSGSEND = YES;
				ENABLE_TESTABILITY = YES;
				GCC_C_LANGUAGE_STANDARD = gnu11;
				GCC_DYNAMIC_NO_PIC = NO;
				GCC_NO_COMMON_BLOCKS = YES;
				GCC_OPTIMIZATION_LEVEL = 0;
				GCC_PREPROCESSOR_DEFINITIONS = (
					"DEBUG=1",
					"$(inherited)",
				);
				GCC_WARN_64_TO_32_BIT_CONVERSION = YES;
				GCC_WARN_ABOUT_RETURN_TYPE = YES_ERROR;
				GCC_WARN_UNDECLARED_SELECTOR = YES;
				GCC_WARN_UNINITIALIZED_AUTOS = YES_AGGRESSIVE;
				GCC_WARN_UNUSED_FUNCTION = YES;
				GCC_WARN_UNUSED_VARIABLE = YES;
				IPHONEOS_DEPLOYMENT_TARGET = 14.1;
				MTL_ENABLE_DEBUG_INFO = INCLUDE_SOURCE;
				MTL_FAST_MATH = YES;
				ONLY_ACTIVE_ARCH = YES;
				SDKROOT = iphoneos;
				SWIFT_ACTIVE_COMPILATION_CONDITIONS = DEBUG;
				SWIFT_OPTIMIZATION_LEVEL = "-Onone";
			};
			name = Debug;
		};
		90F3B7E1254A6FE80075371C /* Release */ = {
			isa = XCBuildConfiguration;
			buildSettings = {
				ALWAYS_SEARCH_USER_PATHS = NO;
				CLANG_ANALYZER_NONNULL = YES;
				CLANG_ANALYZER_NUMBER_OBJECT_CONVERSION = YES_AGGRESSIVE;
				CLANG_CXX_LANGUAGE_STANDARD = "gnu++14";
				CLANG_CXX_LIBRARY = "libc++";
				CLANG_ENABLE_MODULES = YES;
				CLANG_ENABLE_OBJC_ARC = YES;
				CLANG_ENABLE_OBJC_WEAK = YES;
				CLANG_WARN_BLOCK_CAPTURE_AUTORELEASING = YES;
				CLANG_WARN_BOOL_CONVERSION = YES;
				CLANG_WARN_COMMA = YES;
				CLANG_WARN_CONSTANT_CONVERSION = YES;
				CLANG_WARN_DEPRECATED_OBJC_IMPLEMENTATIONS = YES;
				CLANG_WARN_DIRECT_OBJC_ISA_USAGE = YES_ERROR;
				CLANG_WARN_DOCUMENTATION_COMMENTS = YES;
				CLANG_WARN_EMPTY_BODY = YES;
				CLANG_WARN_ENUM_CONVERSION = YES;
				CLANG_WARN_INFINITE_RECURSION = YES;
				CLANG_WARN_INT_CONVERSION = YES;
				CLANG_WARN_NON_LITERAL_NULL_CONVERSION = YES;
				CLANG_WARN_OBJC_IMPLICIT_RETAIN_SELF = YES;
				CLANG_WARN_OBJC_LITERAL_CONVERSION = YES;
				CLANG_WARN_OBJC_ROOT_CLASS = YES_ERROR;
				CLANG_WARN_QUOTED_INCLUDE_IN_FRAMEWORK_HEADER = YES;
				CLANG_WARN_RANGE_LOOP_ANALYSIS = YES;
				CLANG_WARN_STRICT_PROTOTYPES = YES;
				CLANG_WARN_SUSPICIOUS_MOVE = YES;
				CLANG_WARN_UNGUARDED_AVAILABILITY = YES_AGGRESSIVE;
				CLANG_WARN_UNREACHABLE_CODE = YES;
				CLANG_WARN__DUPLICATE_METHOD_MATCH = YES;
				COPY_PHASE_STRIP = NO;
				DEBUG_INFORMATION_FORMAT = "dwarf-with-dsym";
				ENABLE_NS_ASSERTIONS = NO;
				ENABLE_STRICT_OBJC_MSGSEND = YES;
				GCC_C_LANGUAGE_STANDARD = gnu11;
				GCC_NO_COMMON_BLOCKS = YES;
				GCC_WARN_64_TO_32_BIT_CONVERSION = YES;
				GCC_WARN_ABOUT_RETURN_TYPE = YES_ERROR;
				GCC_WARN_UNDECLARED_SELECTOR = YES;
				GCC_WARN_UNINITIALIZED_AUTOS = YES_AGGRESSIVE;
				GCC_WARN_UNUSED_FUNCTION = YES;
				GCC_WARN_UNUSED_VARIABLE = YES;
				IPHONEOS_DEPLOYMENT_TARGET = 14.1;
				MTL_ENABLE_DEBUG_INFO = NO;
				MTL_FAST_MATH = YES;
				SDKROOT = iphoneos;
				SWIFT_COMPILATION_MODE = wholemodule;
				SWIFT_OPTIMIZATION_LEVEL = "-O";
				VALIDATE_PRODUCT = YES;
			};
			name = Release;
		};
		90F3B7E3254A6FE80075371C /* Debug */ = {
			isa = XCBuildConfiguration;
			buildSettings = {
				ASSETCATALOG_COMPILER_APPICON_NAME = AppIcon;
				ASSETCATALOG_COMPILER_GLOBAL_ACCENT_COLOR_NAME = AccentColor;
				CODE_SIGN_STYLE = Automatic;
				DEVELOPMENT_ASSET_PATHS = "\"VideoCaptureOpener/Preview Content\"";
				DEVELOPMENT_TEAM = 7G4JF8R3R6;
				ENABLE_PREVIEWS = YES;
				INFOPLIST_FILE = VideoCaptureOpener/Info.plist;
				LD_RUNPATH_SEARCH_PATHS = (
					"$(inherited)",
					"@executable_path/Frameworks",
				);
				PRODUCT_BUNDLE_IDENTIFIER = co.borama.VideoCaptureOpener;
				PRODUCT_NAME = "$(TARGET_NAME)";
				SWIFT_VERSION = 5.0;
				TARGETED_DEVICE_FAMILY = "1,2";
			};
			name = Debug;
		};
		90F3B7E4254A6FE80075371C /* Release */ = {
			isa = XCBuildConfiguration;
			buildSettings = {
				ASSETCATALOG_COMPILER_APPICON_NAME = AppIcon;
				ASSETCATALOG_COMPILER_GLOBAL_ACCENT_COLOR_NAME = AccentColor;
				CODE_SIGN_STYLE = Automatic;
				DEVELOPMENT_ASSET_PATHS = "\"VideoCaptureOpener/Preview Content\"";
				DEVELOPMENT_TEAM = 7G4JF8R3R6;
				ENABLE_PREVIEWS = YES;
				INFOPLIST_FILE = VideoCaptureOpener/Info.plist;
				LD_RUNPATH_SEARCH_PATHS = (
					"$(inherited)",
					"@executable_path/Frameworks",
				);
				PRODUCT_BUNDLE_IDENTIFIER = co.borama.VideoCaptureOpener;
				PRODUCT_NAME = "$(TARGET_NAME)";
				SWIFT_VERSION = 5.0;
				TARGETED_DEVICE_FAMILY = "1,2";
			};
			name = Release;
		};
/* End XCBuildConfiguration section */

/* Begin XCConfigurationList section */
		90F3B7C9254A6FE70075371C /* Build configuration list for PBXProject "VideoCaptureOpener" */ = {
			isa = XCConfigurationList;
			buildConfigurations = (
				90F3B7E0254A6FE80075371C /* Debug */,
				90F3B7E1254A6FE80075371C /* Release */,
			);
			defaultConfigurationIsVisible = 0;
			defaultConfigurationName = Release;
		};
		90F3B7E2254A6FE80075371C /* Build configuration list for PBXNativeTarget "VideoCaptureOpener" */ = {
			isa = XCConfigurationList;
			buildConfigurations = (
				90F3B7E3254A6FE80075371C /* Debug */,
				90F3B7E4254A6FE80075371C /* Release */,
			);
			defaultConfigurationIsVisible = 0;
			defaultConfigurationName = Release;
		};
/* End XCConfigurationList section */
	};
	rootObject = 90F3B7C6254A6FE70075371C /* Project object */;
}
